{
  "name": "react-native-touchable-graph",
  "version": "1.0.1",
  "lockfileVersion": 1,
  "requires": true,
  "dependencies": {
    "asap": {
      "version": "2.0.6",
      "resolved": "https://registry.npmjs.org/asap/-/asap-2.0.6.tgz",
      "integrity": "sha1-5QNHYR1+aQlDIIu9r+vLwvuGbUY="
    },
    "color": {
      "version": "2.0.1",
      "resolved": "https://registry.npmjs.org/color/-/color-2.0.1.tgz",
      "integrity": "sha512-ubUCVVKfT7r2w2D3qtHakj8mbmKms+tThR8gI8zEYCbUBl8/voqFGt3kgBqGwXAopgXybnkuOq+qMYCRrp4cXw==",
      "requires": {
        "color-convert": "1.9.1",
        "color-string": "1.5.2"
      }
    },
    "color-convert": {
      "version": "1.9.1",
      "resolved": "https://registry.npmjs.org/color-convert/-/color-convert-1.9.1.tgz",
      "integrity": "sha512-mjGanIiwQJskCC18rPR6OmrZ6fm2Lc7PeGFYwCmy5J34wC6F1PzdGL6xeMfmgicfYcNLGuVFA3WzXtIDCQSZxQ==",
      "requires": {
        "color-name": "1.1.3"
      }
    },
    "color-name": {
      "version": "1.1.3",
      "resolved": "https://registry.npmjs.org/color-name/-/color-name-1.1.3.tgz",
      "integrity": "sha1-p9BVi9icQveV3UIyj3QIMcpTvCU="
    },
    "color-string": {
      "version": "1.5.2",
      "resolved": "https://registry.npmjs.org/color-string/-/color-string-1.5.2.tgz",
      "integrity": "sha1-JuRYFLw8mny9Z1FkikFDRRSnc6k=",
      "requires": {
        "color-name": "1.1.3",
        "simple-swizzle": "0.2.2"
      }
    },
    "core-js": {
      "version": "1.2.7",
      "resolved": "https://registry.npmjs.org/core-js/-/core-js-1.2.7.tgz",
      "integrity": "sha1-ZSKUwUZR2yj6k70tX/KYOk8IxjY="
    },
    "d3-array": {
      "version": "1.2.1",
      "resolved": "https://registry.npmjs.org/d3-array/-/d3-array-1.2.1.tgz",
      "integrity": "sha512-CyINJQ0SOUHojDdFDH4JEM0552vCR1utGyLHegJHyYH0JyCpSeTPxi4OBqHMA2jJZq4NH782LtaJWBImqI/HBw=="
    },
    "d3-collection": {
      "version": "1.0.4",
      "resolved": "https://registry.npmjs.org/d3-collection/-/d3-collection-1.0.4.tgz",
      "integrity": "sha1-NC39EoN8kJdPM/HMCnha6lcNzcI="
    },
    "d3-color": {
      "version": "1.2.0",
      "resolved": "https://registry.npmjs.org/d3-color/-/d3-color-1.2.0.tgz",
      "integrity": "sha512-dmL9Zr/v39aSSMnLOTd58in2RbregCg4UtGyUArvEKTTN6S3HKEy+ziBWVYo9PTzRyVW+pUBHUtRKz0HYX+SQg=="
    },
    "d3-ease": {
      "version": "1.0.3",
      "resolved": "https://registry.npmjs.org/d3-ease/-/d3-ease-1.0.3.tgz",
      "integrity": "sha1-aL+8NJM4o4DETYrMT7wzBKotjA4="
    },
    "d3-format": {
      "version": "1.3.0",
      "resolved": "https://registry.npmjs.org/d3-format/-/d3-format-1.3.0.tgz",
      "integrity": "sha512-ycfLEIzHVZC3rOvuBOKVyQXSiUyCDjeAPIj9n/wugrr+s5AcTQC2Bz6aKkubG7rQaQF0SGW/OV4UEJB9nfioFg=="
    },
    "d3-interpolate": {
      "version": "1.2.0",
      "resolved": "https://registry.npmjs.org/d3-interpolate/-/d3-interpolate-1.2.0.tgz",
      "integrity": "sha512-zLvTk8CREPFfc/2XglPQriAsXkzoRDAyBzndtKJWrZmHw7kmOWHNS11e40kPTd/oGk8P5mFJW5uBbcFQ+ybxyA==",
      "requires": {
        "d3-color": "1.2.0"
      }
    },
    "d3-path": {
      "version": "1.0.5",
      "resolved": "https://registry.npmjs.org/d3-path/-/d3-path-1.0.5.tgz",
      "integrity": "sha1-JB6xhJvZ6egCHA0KeZ+KDo5EF2Q="
    },
    "d3-scale": {
      "version": "1.0.7",
      "resolved": "https://registry.npmjs.org/d3-scale/-/d3-scale-1.0.7.tgz",
      "integrity": "sha512-KvU92czp2/qse5tUfGms6Kjig0AhHOwkzXG0+PqIJB3ke0WUv088AHMZI0OssO9NCkXt4RP8yju9rpH8aGB7Lw==",
      "requires": {
        "d3-array": "1.2.1",
        "d3-collection": "1.0.4",
        "d3-color": "1.2.0",
        "d3-format": "1.3.0",
        "d3-interpolate": "1.2.0",
        "d3-time": "1.0.8",
        "d3-time-format": "2.1.1"
      }
    },
    "d3-shape": {
      "version": "1.2.0",
      "resolved": "https://registry.npmjs.org/d3-shape/-/d3-shape-1.2.0.tgz",
      "integrity": "sha1-RdAVOPBkuv0F6j1tLLdI/YxB93c=",
      "requires": {
        "d3-path": "1.0.5"
      }
    },
    "d3-time": {
      "version": "1.0.8",
      "resolved": "https://registry.npmjs.org/d3-time/-/d3-time-1.0.8.tgz",
      "integrity": "sha512-YRZkNhphZh3KcnBfitvF3c6E0JOFGikHZ4YqD+Lzv83ZHn1/u6yGenRU1m+KAk9J1GnZMnKcrtfvSktlA1DXNQ=="
    },
    "d3-time-format": {
      "version": "2.1.1",
      "resolved": "https://registry.npmjs.org/d3-time-format/-/d3-time-format-2.1.1.tgz",
      "integrity": "sha512-8kAkymq2WMfzW7e+s/IUNAtN/y3gZXGRrdGfo6R8NKPAA85UBTxZg5E61bR6nLwjPjj4d3zywSQe1CkYLPFyrw==",
      "requires": {
        "d3-time": "1.0.8"
      }
    },
    "d3-timer": {
      "version": "1.0.7",
      "resolved": "https://registry.npmjs.org/d3-timer/-/d3-timer-1.0.7.tgz",
      "integrity": "sha512-vMZXR88XujmG/L5oB96NNKH5lCWwiLM/S2HyyAQLcjWJCloK5shxta4CwOFYLZoY3AWX73v8Lgv4cCAdWtRmOA=="
    },
    "d3-voronoi": {
      "version": "1.1.2",
      "resolved": "https://registry.npmjs.org/d3-voronoi/-/d3-voronoi-1.1.2.tgz",
      "integrity": "sha1-Fodmfo8TotFYyAwUgMWinLDYlzw="
    },
    "encoding": {
      "version": "0.1.12",
      "resolved": "https://registry.npmjs.org/encoding/-/encoding-0.1.12.tgz",
      "integrity": "sha1-U4tm8+5izRq1HsMjgp0flIDHS+s=",
      "requires": {
        "iconv-lite": "0.4.23"
      }
    },
    "fbjs": {
      "version": "0.8.16",
      "resolved": "https://registry.npmjs.org/fbjs/-/fbjs-0.8.16.tgz",
      "integrity": "sha1-XmdDL1UNxBtXK/VYR7ispk5TN9s=",
      "requires": {
        "core-js": "1.2.7",
        "isomorphic-fetch": "2.2.1",
        "loose-envify": "1.3.1",
        "object-assign": "4.1.1",
        "promise": "7.3.1",
        "setimmediate": "1.0.5",
        "ua-parser-js": "0.7.18"
      }
    },
    "iconv-lite": {
      "version": "0.4.23",
      "resolved": "https://registry.npmjs.org/iconv-lite/-/iconv-lite-0.4.23.tgz",
      "integrity": "sha512-neyTUVFtahjf0mB3dZT77u+8O0QB89jFdnBkd5P1JgYPbPaia3gXXOVL2fq8VyU2gMMD7SaN7QukTB/pmXYvDA==",
      "requires": {
        "safer-buffer": "2.1.2"
      }
    },
    "is-arrayish": {
      "version": "0.3.1",
      "resolved": "https://registry.npmjs.org/is-arrayish/-/is-arrayish-0.3.1.tgz",
      "integrity": "sha1-wt/DhquqDD4zxI2z/ocFnmkGXv0="
    },
    "is-stream": {
      "version": "1.1.0",
      "resolved": "https://registry.npmjs.org/is-stream/-/is-stream-1.1.0.tgz",
      "integrity": "sha1-EtSj3U5o4Lec6428hBc66A2RykQ="
    },
    "isomorphic-fetch": {
      "version": "2.2.1",
      "resolved": "https://registry.npmjs.org/isomorphic-fetch/-/isomorphic-fetch-2.2.1.tgz",
      "integrity": "sha1-YRrhrPFPXoH3KVB0coGf6XM1WKk=",
      "requires": {
        "node-fetch": "1.7.3",
        "whatwg-fetch": "2.0.4"
      }
    },
    "js-tokens": {
      "version": "3.0.2",
      "resolved": "https://registry.npmjs.org/js-tokens/-/js-tokens-3.0.2.tgz",
      "integrity": "sha1-mGbfOVECEw449/mWvOtlRDIJwls="
    },
    "lodash": {
      "version": "4.17.10",
      "resolved": "https://registry.npmjs.org/lodash/-/lodash-4.17.10.tgz",
      "integrity": "sha512-UejweD1pDoXu+AD825lWwp4ZGtSwgnpZxb3JDViD7StjQz+Nb/6l093lx4OQ0foGWNRoc19mWy7BzL+UAK2iVg=="
    },
    "loose-envify": {
      "version": "1.3.1",
      "resolved": "https://registry.npmjs.org/loose-envify/-/loose-envify-1.3.1.tgz",
      "integrity": "sha1-0aitM/qc4OcT1l/dCsi3SNR4yEg=",
      "requires": {
        "js-tokens": "3.0.2"
      }
    },
    "node-fetch": {
      "version": "1.7.3",
      "resolved": "https://registry.npmjs.org/node-fetch/-/node-fetch-1.7.3.tgz",
      "integrity": "sha512-NhZ4CsKx7cYm2vSrBAr2PvFOe6sWDf0UYLRqA6svUYg7+/TSfVAu49jYC4BvQ4Sms9SZgdqGBgroqfDhJdTyKQ==",
      "requires": {
        "encoding": "0.1.12",
        "is-stream": "1.1.0"
      }
    },
    "object-assign": {
      "version": "4.1.1",
      "resolved": "https://registry.npmjs.org/object-assign/-/object-assign-4.1.1.tgz",
      "integrity": "sha1-IQmtx5ZYh8/AXLvUQsrIv7s2CGM="
    },
    "pegjs": {
      "version": "0.10.0",
      "resolved": "https://registry.npmjs.org/pegjs/-/pegjs-0.10.0.tgz",
      "integrity": "sha1-z4uvrm7d/0tafvsYUmnqr0YQ3b0="
    },
    "promise": {
      "version": "7.3.1",
      "resolved": "https://registry.npmjs.org/promise/-/promise-7.3.1.tgz",
      "integrity": "sha512-nolQXZ/4L+bP/UGlkfaIujX9BKxGwmQ9OT4mOt5yvy8iK1h3wqTEJCijzGANTCCl9nWjY41juyAn2K3Q1hLLTg==",
      "requires": {
        "asap": "2.0.6"
      }
    },
    "prop-types": {
      "version": "15.6.1",
      "resolved": "https://registry.npmjs.org/prop-types/-/prop-types-15.6.1.tgz",
      "integrity": "sha512-4ec7bY1Y66LymSUOH/zARVYObB23AT2h8cf6e/O6ZALB/N0sqZFEx7rq6EYPX2MkOdKORuooI/H5k9TlR4q7kQ==",
      "requires": {
        "fbjs": "0.8.16",
        "loose-envify": "1.3.1",
        "object-assign": "4.1.1"
      }
    },
    "react-fast-compare": {
      "version": "1.0.0",
      "resolved": "https://registry.npmjs.org/react-fast-compare/-/react-fast-compare-1.0.0.tgz",
      "integrity": "sha512-dcQpdWr62flXQJuM8/bVEY5/10ad2SYBUafp8H4q4WHR3fTA/MMlp8mpzX12I0CCoEJc1P6QdiMg7U+7lFS6Rw=="
    },
    "react-native-svg": {
      "version": "6.3.1",
      "resolved": "https://registry.npmjs.org/react-native-svg/-/react-native-svg-6.3.1.tgz",
      "integrity": "sha512-0kmfUwKUBWnPuJpy+bdGIYKkXHg/M/X57ji8b3d3ZFB2rRTWMRkwI1D+AJ6FQRX109+FJn6L6hsIokDj1lckzA==",
      "requires": {
        "color": "2.0.1",
        "lodash": "4.17.10",
        "pegjs": "0.10.0"
      }
    },
    "safer-buffer": {
      "version": "2.1.2",
      "resolved": "https://registry.npmjs.org/safer-buffer/-/safer-buffer-2.1.2.tgz",
      "integrity": "sha512-YZo3K82SD7Riyi0E1EQPojLz7kpepnSQI9IyPbHHg1XXXevb5dJI7tpyN2ADxGcQbHG7vcyRHk0cbwqcQriUtg=="
    },
    "setimmediate": {
      "version": "1.0.5",
      "resolved": "https://registry.npmjs.org/setimmediate/-/setimmediate-1.0.5.tgz",
      "integrity": "sha1-KQy7Iy4waULX1+qbg3Mqt4VvgoU="
    },
    "simple-swizzle": {
      "version": "0.2.2",
      "resolved": "https://registry.npmjs.org/simple-swizzle/-/simple-swizzle-0.2.2.tgz",
      "integrity": "sha1-pNprY1/8zMoz9w0Xy5JZLeleVXo=",
      "requires": {
        "is-arrayish": "0.3.1"
      }
    },
    "ua-parser-js": {
      "version": "0.7.18",
      "resolved": "https://registry.npmjs.org/ua-parser-js/-/ua-parser-js-0.7.18.tgz",
      "integrity": "sha512-LtzwHlVHwFGTptfNSgezHp7WUlwiqb0gA9AALRbKaERfxwJoiX0A73QbTToxteIAuIaFshhgIZfqK8s7clqgnA=="
    },
    "victory-chart": {
      "version": "25.2.5",
      "resolved": "https://registry.npmjs.org/victory-chart/-/victory-chart-25.2.5.tgz",
      "integrity": "sha512-TeWJnQNtihWLXjfJR0mb/OMrtcCdxUzhhHTIgg7ALevm/JFQeOOoSjp6AcWAyP5TBiyMgnn0MrAO/WjWQhDPMQ==",
      "requires": {
        "d3-voronoi": "1.1.2",
        "lodash": "4.17.10",
        "react-fast-compare": "1.0.0",
        "victory-core": "21.1.13"
      }
    },
    "victory-core": {
      "version": "21.1.13",
      "resolved": "https://registry.npmjs.org/victory-core/-/victory-core-21.1.13.tgz",
      "integrity": "sha512-lfC/5rsUxyu96iXKhuHjnsWlqr8z4RIeDcXVAR/dOYulHuVigWkGKsQqnPNWdCZaz9EZNdvAPnwmWmhdzK/R1g==",
      "requires": {
        "d3-ease": "1.0.3",
        "d3-interpolate": "1.2.0",
        "d3-scale": "1.0.7",
        "d3-shape": "1.2.0",
        "d3-timer": "1.0.7",
        "lodash": "4.17.10",
        "react-fast-compare": "1.0.0"
      }
    },
    "victory-native": {
      "version": "0.17.4",
      "resolved": "https://registry.npmjs.org/victory-native/-/victory-native-0.17.4.tgz",
      "integrity": "sha512-WgPK5ueinBCpfrFFiEVDEaMYRzmY5XJ4tZBkryk30g0UGDZE4KufUov/2BNAu9ZJWcRY9YoqQVpMa6lt2ky/Mw==",
      "requires": {
        "lodash": "4.17.10",
        "prop-types": "15.6.1",
        "victory-chart": "25.2.5",
        "victory-core": "21.1.13",
        "victory-pie": "14.0.2"
      }
    },
    "victory-pie": {
      "version": "14.0.2",
      "resolved": "https://registry.npmjs.org/victory-pie/-/victory-pie-14.0.2.tgz",
      "integrity": "sha512-VOJtJR++GPcN9mg5TNrz8wml1hHVsl74ZT4hsH6E+i1hmsacGBlqz8YQ82VEhwBxxh5z7e8he2/qcVvZcKfHZg==",
      "requires": {
        "d3-shape": "1.2.0",
        "lodash": "4.17.10",
        "victory-core": "21.1.13"
      }
    },
    "whatwg-fetch": {
      "version": "2.0.4",
      "resolved": "https://registry.npmjs.org/whatwg-fetch/-/whatwg-fetch-2.0.4.tgz",
      "integrity": "sha512-dcQ1GWpOD/eEQ97k66aiEVpNnapVj90/+R+SXTPYGHpYBBypfKJEQjLrvMZ7YXbKm21gXd4NcuxUTjiv1YtLng=="
    }
  }
}
